
Microsoft Visual Studio Solution File, Format Version 12.00
Project("{FAE04EC0-301F-11D3-BF4B-00C04F79EFBC}") = "Serilog.Sinks.Loki.gRPC", "src\Serilog.Sinks.Loki.gRPC\Serilog.Sinks.Loki.gRPC.csproj", "{4EB0BD48-0D56-4038-877C-9F0692D54310}"
EndProject
Project("{FAE04EC0-301F-11D3-BF4B-00C04F79EFBC}") = "SampleAspnetCore", "sample\SampleAspnetCore\SampleAspnetCore.csproj", "{410370DC-6B59-4856-9338-D318810D9936}"
EndProject
Global
	GlobalSection(SolutionConfigurationPlatforms) = preSolution
		Debug|Any CPU = Debug|Any CPU
		Release|Any CPU = Release|Any CPU
	EndGlobalSection
	GlobalSection(ProjectConfigurationPlatforms) = postSolution
		{4EB0BD48-0D56-4038-877C-9F0692D54310}.Debug|Any CPU.ActiveCfg = Debug|Any CPU
		{4EB0BD48-0D56-4038-877C-9F0692D54310}.Debug|Any CPU.Build.0 = Debug|Any CPU
		{4EB0BD48-0D56-4038-877C-9F0692D54310}.Release|Any CPU.ActiveCfg = Release|Any CPU
		{4EB0BD48-0D56-4038-877C-9F0692D54310}.Release|Any CPU.Build.0 = Release|Any CPU
		{410370DC-6B59-4856-9338-D318810D9936}.Debug|Any CPU.ActiveCfg = Debug|Any CPU
		{410370DC-6B59-4856-9338-D318810D9936}.Debug|Any CPU.Build.0 = Debug|Any CPU
		{410370DC-6B59-4856-9338-D318810D9936}.Release|Any CPU.ActiveCfg = Release|Any CPU
		{410370DC-6B59-4856-9338-D318810D9936}.Release|Any CPU.Build.0 = Release|Any CPU
	EndGlobalSection
EndGlobal
